{
  "name": "@bibletags/bibletags-ui-helper",
  "version": "0.2.4",
  "lockfileVersion": 2,
  "requires": true,
  "packages": {
    "": {
      "name": "@bibletags/bibletags-ui-helper",
      "version": "0.2.4",
      "license": "MIT",
      "dependencies": {
        "@bibletags/bibletags-versification": "^0.2.0",
        "md5": "2.2.1",
        "regexpu-core": "4.2.0",
        "usfm-js": "github:unfoldingWord/usfm-js#abe6833688b10b202e4b848715eca883fce7b89a"
      },
      "funding": {
        "type": "individual",
        "url": "https://gofundme.com/f/yarn4-bible-tags"
      }
    },
    "node_modules/@bibletags/bibletags-versification": {
      "version": "0.2.0",
      "resolved": "https://registry.npmjs.org/@bibletags/bibletags-versification/-/bibletags-versification-0.2.0.tgz",
      "integrity": "sha512-1nZ15mnYtEGiuornp3aXD4QRyUTUIlPKfhchKCFzJzAnu+pj6uuS2Hep6hnbZnolAAL4EXHc4eF1gbfqfQO+Qw==",
      "funding": {
        "type": "individual",
        "url": "https://gofundme.com/f/yarn4-bible-tags"
      }
    },
    "node_modules/charenc": {
      "version": "0.0.2",
      "resolved": "https://registry.npmjs.org/charenc/-/charenc-0.0.2.tgz",
      "integrity": "sha1-wKHS86cJLgN3S/qD8UwPxXkKhmc=",
      "engines": {
        "node": "*"
      }
    },
    "node_modules/crypt": {
      "version": "0.0.2",
      "resolved": "https://registry.npmjs.org/crypt/-/crypt-0.0.2.tgz",
      "integrity": "sha1-iNf/fsDfuG9xPch7u0LQRNPmxBs=",
      "engines": {
        "node": "*"
      }
    },
    "node_modules/is-buffer": {
      "version": "1.1.6",
      "resolved": "https://registry.npmjs.org/is-buffer/-/is-buffer-1.1.6.tgz",
      "integrity": "sha512-NcdALwpXkTm5Zvvbk7owOUSvVvBKDgKP5/ewfXEznmQFfs4ZRmanOeKBTjRVjka3QFoN6XJ+9F3USqfHqTaU5w=="
    },
    "node_modules/jsesc": {
      "version": "0.5.0",
      "resolved": "https://registry.npmjs.org/jsesc/-/jsesc-0.5.0.tgz",
      "integrity": "sha1-597mbjXW/Bb3EP6R1c9p9w8IkR0=",
      "bin": {
        "jsesc": "bin/jsesc"
      }
    },
    "node_modules/lodash.clonedeep": {
      "version": "4.5.0",
      "resolved": "https://registry.npmjs.org/lodash.clonedeep/-/lodash.clonedeep-4.5.0.tgz",
      "integrity": "sha1-4j8/nE+Pvd6HJSnBBxhXoIblzO8="
    },
    "node_modules/md5": {
      "version": "2.2.1",
      "resolved": "https://registry.npmjs.org/md5/-/md5-2.2.1.tgz",
      "integrity": "sha1-U6s41f48iJG6RlMp6iP6wFQBJvk=",
      "dependencies": {
        "charenc": "~0.0.1",
        "crypt": "~0.0.1",
        "is-buffer": "~1.1.1"
      }
    },
    "node_modules/regenerate": {
      "version": "1.4.1",
      "resolved": "https://registry.npmjs.org/regenerate/-/regenerate-1.4.1.tgz",
      "integrity": "sha512-j2+C8+NtXQgEKWk49MMP5P/u2GhnahTtVkRIHr5R5lVRlbKvmQ+oS+A5aLKWp2ma5VkT8sh6v+v4hbH0YHR66A=="
    },
    "node_modules/regenerate-unicode-properties": {
      "version": "7.0.0",
      "resolved": "https://registry.npmjs.org/regenerate-unicode-properties/-/regenerate-unicode-properties-7.0.0.tgz",
      "integrity": "sha512-s5NGghCE4itSlUS+0WUj88G6cfMVMmH8boTPNvABf8od+2dhT9WDlWu8n01raQAJZMOK8Ch6jSexaRO7swd6aw==",
      "dependencies": {
        "regenerate": "^1.4.0"
      },
      "engines": {
        "node": ">=4"
      }
    },
    "node_modules/regexpu-core": {
      "version": "4.2.0",
      "resolved": "https://registry.npmjs.org/regexpu-core/-/regexpu-core-4.2.0.tgz",
      "integrity": "sha512-Z835VSnJJ46CNBttalHD/dB+Sj2ezmY6Xp38npwU87peK6mqOzOpV8eYktdkLTEkzzD+JsTcxd84ozd8I14+rw==",
      "dependencies": {
        "regenerate": "^1.4.0",
        "regenerate-unicode-properties": "^7.0.0",
        "regjsgen": "^0.4.0",
        "regjsparser": "^0.3.0",
        "unicode-match-property-ecmascript": "^1.0.4",
        "unicode-match-property-value-ecmascript": "^1.0.2"
      },
      "engines": {
        "node": ">=4"
      }
    },
    "node_modules/regjsgen": {
      "version": "0.4.0",
      "resolved": "https://registry.npmjs.org/regjsgen/-/regjsgen-0.4.0.tgz",
      "integrity": "sha512-X51Lte1gCYUdlwhF28+2YMO0U6WeN0GLpgpA7LK7mbdDnkQYiwvEpmpe0F/cv5L14EbxgrdayAG3JETBv0dbXA=="
    },
    "node_modules/regjsparser": {
      "version": "0.3.0",
      "resolved": "https://registry.npmjs.org/regjsparser/-/regjsparser-0.3.0.tgz",
      "integrity": "sha512-zza72oZBBHzt64G7DxdqrOo/30bhHkwMUoT0WqfGu98XLd7N+1tsy5MJ96Bk4MD0y74n629RhmrGW6XlnLLwCA==",
      "dependencies": {
        "jsesc": "~0.5.0"
      },
      "bin": {
        "regjsparser": "bin/parser"
      }
    },
    "node_modules/unicode-canonical-property-names-ecmascript": {
      "version": "1.0.4",
      "resolved": "https://registry.npmjs.org/unicode-canonical-property-names-ecmascript/-/unicode-canonical-property-names-ecmascript-1.0.4.tgz",
      "integrity": "sha512-jDrNnXWHd4oHiTZnx/ZG7gtUTVp+gCcTTKr8L0HjlwphROEW3+Him+IpvC+xcJEFegapiMZyZe02CyuOnRmbnQ==",
      "engines": {
        "node": ">=4"
      }
    },
    "node_modules/unicode-match-property-ecmascript": {
      "version": "1.0.4",
      "resolved": "https://registry.npmjs.org/unicode-match-property-ecmascript/-/unicode-match-property-ecmascript-1.0.4.tgz",
      "integrity": "sha512-L4Qoh15vTfntsn4P1zqnHulG0LdXgjSO035fEpdtp6YxXhMT51Q6vgM5lYdG/5X3MjS+k/Y9Xw4SFCY9IkR0rg==",
      "dependencies": {
        "unicode-canonical-property-names-ecmascript": "^1.0.4",
        "unicode-property-aliases-ecmascript": "^1.0.4"
      },
      "engines": {
        "node": ">=4"
      }
    },
    "node_modules/unicode-match-property-value-ecmascript": {
      "version": "1.2.0",
      "resolved": "https://registry.npmjs.org/unicode-match-property-value-ecmascript/-/unicode-match-property-value-ecmascript-1.2.0.tgz",
      "integrity": "sha512-wjuQHGQVofmSJv1uVISKLE5zO2rNGzM/KCYZch/QQvez7C1hUhBIuZ701fYXExuufJFMPhv2SyL8CyoIfMLbIQ==",
      "engines": {
        "node": ">=4"
      }
    },
    "node_modules/unicode-property-aliases-ecmascript": {
      "version": "1.1.0",
      "resolved": "https://registry.npmjs.org/unicode-property-aliases-ecmascript/-/unicode-property-aliases-ecmascript-1.1.0.tgz",
      "integrity": "sha512-PqSoPh/pWetQ2phoj5RLiaqIk4kCNwoV3CI+LfGmWLKI3rE3kl1h59XpX2BjgDrmbxD9ARtQobPGU1SguCYuQg==",
      "engines": {
        "node": ">=4"
      }
    },
    "node_modules/usfm-js": {
      "resolved": "git+ssh://git@github.com/unfoldingWord/usfm-js.git#abe6833688b10b202e4b848715eca883fce7b89a",
      "dependencies": {
        "lodash.clonedeep": "^4.5.0"
      }
    }
  },
  "dependencies": {
    "@bibletags/bibletags-versification": {
      "version": "0.2.0",
      "resolved": "https://registry.npmjs.org/@bibletags/bibletags-versification/-/bibletags-versification-0.2.0.tgz",
      "integrity": "sha512-1nZ15mnYtEGiuornp3aXD4QRyUTUIlPKfhchKCFzJzAnu+pj6uuS2Hep6hnbZnolAAL4EXHc4eF1gbfqfQO+Qw=="
    },
    "charenc": {
      "version": "0.0.2",
      "resolved": "https://registry.npmjs.org/charenc/-/charenc-0.0.2.tgz",
      "integrity": "sha1-wKHS86cJLgN3S/qD8UwPxXkKhmc="
    },
    "crypt": {
      "version": "0.0.2",
      "resolved": "https://registry.npmjs.org/crypt/-/crypt-0.0.2.tgz",
      "integrity": "sha1-iNf/fsDfuG9xPch7u0LQRNPmxBs="
    },
    "is-buffer": {
      "version": "1.1.6",
      "resolved": "https://registry.npmjs.org/is-buffer/-/is-buffer-1.1.6.tgz",
      "integrity": "sha512-NcdALwpXkTm5Zvvbk7owOUSvVvBKDgKP5/ewfXEznmQFfs4ZRmanOeKBTjRVjka3QFoN6XJ+9F3USqfHqTaU5w=="
    },
    "jsesc": {
      "version": "0.5.0",
      "resolved": "https://registry.npmjs.org/jsesc/-/jsesc-0.5.0.tgz",
      "integrity": "sha1-597mbjXW/Bb3EP6R1c9p9w8IkR0="
    },
    "lodash.clonedeep": {
      "version": "4.5.0",
      "resolved": "https://registry.npmjs.org/lodash.clonedeep/-/lodash.clonedeep-4.5.0.tgz",
      "integrity": "sha1-4j8/nE+Pvd6HJSnBBxhXoIblzO8="
    },
    "md5": {
      "version": "2.2.1",
      "resolved": "https://registry.npmjs.org/md5/-/md5-2.2.1.tgz",
      "integrity": "sha1-U6s41f48iJG6RlMp6iP6wFQBJvk=",
      "requires": {
        "charenc": "~0.0.1",
        "crypt": "~0.0.1",
        "is-buffer": "~1.1.1"
      }
    },
    "regenerate": {
      "version": "1.4.1",
      "resolved": "https://registry.npmjs.org/regenerate/-/regenerate-1.4.1.tgz",
      "integrity": "sha512-j2+C8+NtXQgEKWk49MMP5P/u2GhnahTtVkRIHr5R5lVRlbKvmQ+oS+A5aLKWp2ma5VkT8sh6v+v4hbH0YHR66A=="
    },
    "regenerate-unicode-properties": {
      "version": "7.0.0",
      "resolved": "https://registry.npmjs.org/regenerate-unicode-properties/-/regenerate-unicode-properties-7.0.0.tgz",
      "integrity": "sha512-s5NGghCE4itSlUS+0WUj88G6cfMVMmH8boTPNvABf8od+2dhT9WDlWu8n01raQAJZMOK8Ch6jSexaRO7swd6aw==",
      "requires": {
        "regenerate": "^1.4.0"
      }
    },
    "regexpu-core": {
      "version": "4.2.0",
      "resolved": "https://registry.npmjs.org/regexpu-core/-/regexpu-core-4.2.0.tgz",
      "integrity": "sha512-Z835VSnJJ46CNBttalHD/dB+Sj2ezmY6Xp38npwU87peK6mqOzOpV8eYktdkLTEkzzD+JsTcxd84ozd8I14+rw==",
      "requires": {
        "regenerate": "^1.4.0",
        "regenerate-unicode-properties": "^7.0.0",
        "regjsgen": "^0.4.0",
        "regjsparser": "^0.3.0",
        "unicode-match-property-ecmascript": "^1.0.4",
        "unicode-match-property-value-ecmascript": "^1.0.2"
      }
    },
    "regjsgen": {
      "version": "0.4.0",
      "resolved": "https://registry.npmjs.org/regjsgen/-/regjsgen-0.4.0.tgz",
      "integrity": "sha512-X51Lte1gCYUdlwhF28+2YMO0U6WeN0GLpgpA7LK7mbdDnkQYiwvEpmpe0F/cv5L14EbxgrdayAG3JETBv0dbXA=="
    },
    "regjsparser": {
      "version": "0.3.0",
      "resolved": "https://registry.npmjs.org/regjsparser/-/regjsparser-0.3.0.tgz",
      "integrity": "sha512-zza72oZBBHzt64G7DxdqrOo/30bhHkwMUoT0WqfGu98XLd7N+1tsy5MJ96Bk4MD0y74n629RhmrGW6XlnLLwCA==",
      "requires": {
        "jsesc": "~0.5.0"
      }
    },
    "unicode-canonical-property-names-ecmascript": {
      "version": "1.0.4",
      "resolved": "https://registry.npmjs.org/unicode-canonical-property-names-ecmascript/-/unicode-canonical-property-names-ecmascript-1.0.4.tgz",
      "integrity": "sha512-jDrNnXWHd4oHiTZnx/ZG7gtUTVp+gCcTTKr8L0HjlwphROEW3+Him+IpvC+xcJEFegapiMZyZe02CyuOnRmbnQ=="
    },
    "unicode-match-property-ecmascript": {
      "version": "1.0.4",
      "resolved": "https://registry.npmjs.org/unicode-match-property-ecmascript/-/unicode-match-property-ecmascript-1.0.4.tgz",
      "integrity": "sha512-L4Qoh15vTfntsn4P1zqnHulG0LdXgjSO035fEpdtp6YxXhMT51Q6vgM5lYdG/5X3MjS+k/Y9Xw4SFCY9IkR0rg==",
      "requires": {
        "unicode-canonical-property-names-ecmascript": "^1.0.4",
        "unicode-property-aliases-ecmascript": "^1.0.4"
      }
    },
    "unicode-match-property-value-ecmascript": {
      "version": "1.2.0",
      "resolved": "https://registry.npmjs.org/unicode-match-property-value-ecmascript/-/unicode-match-property-value-ecmascript-1.2.0.tgz",
      "integrity": "sha512-wjuQHGQVofmSJv1uVISKLE5zO2rNGzM/KCYZch/QQvez7C1hUhBIuZ701fYXExuufJFMPhv2SyL8CyoIfMLbIQ=="
    },
    "unicode-property-aliases-ecmascript": {
      "version": "1.1.0",
      "resolved": "https://registry.npmjs.org/unicode-property-aliases-ecmascript/-/unicode-property-aliases-ecmascript-1.1.0.tgz",
      "integrity": "sha512-PqSoPh/pWetQ2phoj5RLiaqIk4kCNwoV3CI+LfGmWLKI3rE3kl1h59XpX2BjgDrmbxD9ARtQobPGU1SguCYuQg=="
    },
    "usfm-js": {
      "version": "git+ssh://git@github.com/unfoldingWord/usfm-js.git#abe6833688b10b202e4b848715eca883fce7b89a",
      "from": "usfm-js@github:unfoldingWord/usfm-js#abe6833688b10b202e4b848715eca883fce7b89a",
      "requires": {
        "lodash.clonedeep": "^4.5.0"
      }
    }
  }
}
